
Microsoft Visual Studio Solution File, Format Version 12.00
# Visual Studio Version 17
VisualStudioVersion = 17.10.35004.147
MinimumVisualStudioVersion = 10.0.40219.1
Project("{FAE04EC0-301F-11D3-BF4B-00C04F79EFBC}") = "WebApi", "WebApi\WebApi.csproj", "{64A53EC6-D4B1-4F74-B18A-A124E1701FD3}"
EndProject
Global
	GlobalSection(SolutionConfigurationPlatforms) = preSolution
		Debug|Any CPU = Debug|Any CPU
		Release|Any CPU = Release|Any CPU
	EndGlobalSection
	GlobalSection(ProjectConfigurationPlatforms) = postSolution
		{64A53EC6-D4B1-4F74-B18A-A124E1701FD3}.Debug|Any CPU.ActiveCfg = Debug|Any CPU
		{64A53EC6-D4B1-4F74-B18A-A124E1701FD3}.Debug|Any CPU.Build.0 = Debug|Any CPU
		{64A53EC6-D4B1-4F74-B18A-A124E1701FD3}.Release|Any CPU.ActiveCfg = Release|Any CPU
		{64A53EC6-D4B1-4F74-B18A-A124E1701FD3}.Release|Any CPU.Build.0 = Release|Any CPU
	EndGlobalSection
	GlobalSection(SolutionProperties) = preSolution
		HideSolutionNode = FALSE
	EndGlobalSection
	GlobalSection(ExtensibilityGlobals) = postSolution
		SolutionGuid = {48968E5B-E774-44F6-BF2E-3B38805E6137}
	EndGlobalSection
EndGlobal
